// !$*UTF8*$!
{
	archiveVersion = 1;
	classes = {
	};
	objectVersion = 46;
	objects = {

/* Begin PBXBuildFile section */
		531FCC0B1E73166F000AA223 /* ParticipantCollectionViewCell.swift in Sources */ = {isa = PBXBuildFile; fileRef = 531FCC0A1E73166F000AA223 /* ParticipantCollectionViewCell.swift */; };
		531FCC0D1E731D29000AA223 /* BracketCollectionViewController.swift in Sources */ = {isa = PBXBuildFile; fileRef = 531FCC0C1E731D29000AA223 /* BracketCollectionViewController.swift */; };
		531FCC0F1E732476000AA223 /* BracketCollectionViewLayout.swift in Sources */ = {isa = PBXBuildFile; fileRef = 531FCC0E1E732476000AA223 /* BracketCollectionViewLayout.swift */; };
		532CC2A21E75F759002CD4E1 /* RoundLabelCollectionViewCell.swift in Sources */ = {isa = PBXBuildFile; fileRef = 532CC2A11E75F759002CD4E1 /* RoundLabelCollectionViewCell.swift */; };
		532CC2C41E79FD96002CD4E1 /* NoTeamCollectionViewCell.swift in Sources */ = {isa = PBXBuildFile; fileRef = 532CC2C31E79FD96002CD4E1 /* NoTeamCollectionViewCell.swift */; };
		532CC2C61E79FDA3002CD4E1 /* TBDCollectionViewCell.swift in Sources */ = {isa = PBXBuildFile; fileRef = 532CC2C51E79FDA3002CD4E1 /* TBDCollectionViewCell.swift */; };
		533088F91E4E7CA6002B3AD3 /* AppDelegate.swift in Sources */ = {isa = PBXBuildFile; fileRef = 533088F81E4E7CA6002B3AD3 /* AppDelegate.swift */; };
		533088FE1E4E7CA6002B3AD3 /* Main.storyboard in Resources */ = {isa = PBXBuildFile; fileRef = 533088FC1E4E7CA6002B3AD3 /* Main.storyboard */; };
		533089031E4E7CA6002B3AD3 /* Assets.xcassets in Resources */ = {isa = PBXBuildFile; fileRef = 533089021E4E7CA6002B3AD3 /* Assets.xcassets */; };
		533089061E4E7CA6002B3AD3 /* LaunchScreen.storyboard in Resources */ = {isa = PBXBuildFile; fileRef = 533089041E4E7CA6002B3AD3 /* LaunchScreen.storyboard */; };
		533089111E4E7CA6002B3AD3 /* BracketBeeTests.swift in Sources */ = {isa = PBXBuildFile; fileRef = 533089101E4E7CA6002B3AD3 /* BracketBeeTests.swift */; };
		5330891C1E4E7CA6002B3AD3 /* BracketBeeUITests.swift in Sources */ = {isa = PBXBuildFile; fileRef = 5330891B1E4E7CA6002B3AD3 /* BracketBeeUITests.swift */; };
		5330892A1E4FAB9B002B3AD3 /* Bracket.swift in Sources */ = {isa = PBXBuildFile; fileRef = 533089291E4FAB9B002B3AD3 /* Bracket.swift */; };
		5330892C1E4FABA2002B3AD3 /* Matchup.swift in Sources */ = {isa = PBXBuildFile; fileRef = 5330892B1E4FABA2002B3AD3 /* Matchup.swift */; };
		5330892F1E4FB430002B3AD3 /* BracketController.swift in Sources */ = {isa = PBXBuildFile; fileRef = 5330892E1E4FB430002B3AD3 /* BracketController.swift */; };
		538FA0281E6DE249000B778B /* CreateBracketViewController.swift in Sources */ = {isa = PBXBuildFile; fileRef = 538FA0271E6DE249000B778B /* CreateBracketViewController.swift */; };
		538FA02C1E6E34B6000B778B /* ParticipantTableViewCell.swift in Sources */ = {isa = PBXBuildFile; fileRef = 538FA02B1E6E34B6000B778B /* ParticipantTableViewCell.swift */; };
		53BDDD7F1E6DD19500ADDE3F /* Keys.swift in Sources */ = {isa = PBXBuildFile; fileRef = 53BDDD7E1E6DD19500ADDE3F /* Keys.swift */; };
		53BDDD811E6DD3D500ADDE3F /* BracketListTableViewController.swift in Sources */ = {isa = PBXBuildFile; fileRef = 53BDDD801E6DD3D500ADDE3F /* BracketListTableViewController.swift */; };
/* End PBXBuildFile section */

/* Begin PBXContainerItemProxy section */
		5330890D1E4E7CA6002B3AD3 /* PBXContainerItemProxy */ = {
			isa = PBXContainerItemProxy;
			containerPortal = 533088ED1E4E7CA6002B3AD3 /* Project object */;
			proxyType = 1;
			remoteGlobalIDString = 533088F41E4E7CA6002B3AD3;
			remoteInfo = BracketBee;
		};
		533089181E4E7CA6002B3AD3 /* PBXContainerItemProxy */ = {
			isa = PBXContainerItemProxy;
			containerPortal = 533088ED1E4E7CA6002B3AD3 /* Project object */;
			proxyType = 1;
			remoteGlobalIDString = 533088F41E4E7CA6002B3AD3;
			remoteInfo = BracketBee;
		};
/* End PBXContainerItemProxy section */

/* Begin PBXFileReference section */
		531FCC0A1E73166F000AA223 /* ParticipantCollectionViewCell.swift */ = {isa = PBXFileReference; fileEncoding = 4; lastKnownFileType = sourcecode.swift; path = ParticipantCollectionViewCell.swift; sourceTree = "<group>"; };
		531FCC0C1E731D29000AA223 /* BracketCollectionViewController.swift */ = {isa = PBXFileReference; fileEncoding = 4; lastKnownFileType = sourcecode.swift; path = BracketCollectionViewController.swift; sourceTree = "<group>"; };
		531FCC0E1E732476000AA223 /* BracketCollectionViewLayout.swift */ = {isa = PBXFileReference; fileEncoding = 4; lastKnownFileType = sourcecode.swift; path = BracketCollectionViewLayout.swift; sourceTree = "<group>"; };
		532CC2A11E75F759002CD4E1 /* RoundLabelCollectionViewCell.swift */ = {isa = PBXFileReference; fileEncoding = 4; lastKnownFileType = sourcecode.swift; path = RoundLabelCollectionViewCell.swift; sourceTree = "<group>"; };
		532CC2C31E79FD96002CD4E1 /* NoTeamCollectionViewCell.swift */ = {isa = PBXFileReference; fileEncoding = 4; lastKnownFileType = sourcecode.swift; path = NoTeamCollectionViewCell.swift; sourceTree = "<group>"; };
		532CC2C51E79FDA3002CD4E1 /* TBDCollectionViewCell.swift */ = {isa = PBXFileReference; fileEncoding = 4; lastKnownFileType = sourcecode.swift; path = TBDCollectionViewCell.swift; sourceTree = "<group>"; };
		533088F51E4E7CA6002B3AD3 /* BracketBee.app */ = {isa = PBXFileReference; explicitFileType = wrapper.application; includeInIndex = 0; path = BracketBee.app; sourceTree = BUILT_PRODUCTS_DIR; };
		533088F81E4E7CA6002B3AD3 /* AppDelegate.swift */ = {isa = PBXFileReference; lastKnownFileType = sourcecode.swift; path = AppDelegate.swift; sourceTree = "<group>"; };
		533088FD1E4E7CA6002B3AD3 /* Base */ = {isa = PBXFileReference; lastKnownFileType = file.storyboard; name = Base; path = Base.lproj/Main.storyboard; sourceTree = "<group>"; };
		533089021E4E7CA6002B3AD3 /* Assets.xcassets */ = {isa = PBXFileReference; lastKnownFileType = folder.assetcatalog; path = Assets.xcassets; sourceTree = "<group>"; };
		533089051E4E7CA6002B3AD3 /* Base */ = {isa = PBXFileReference; lastKnownFileType = file.storyboard; name = Base; path = Base.lproj/LaunchScreen.storyboard; sourceTree = "<group>"; };
		533089071E4E7CA6002B3AD3 /* Info.plist */ = {isa = PBXFileReference; lastKnownFileType = text.plist.xml; path = Info.plist; sourceTree = "<group>"; };
		5330890C1E4E7CA6002B3AD3 /* BracketBeeTests.xctest */ = {isa = PBXFileReference; explicitFileType = wrapper.cfbundle; includeInIndex = 0; path = BracketBeeTests.xctest; sourceTree = BUILT_PRODUCTS_DIR; };
		533089101E4E7CA6002B3AD3 /* BracketBeeTests.swift */ = {isa = PBXFileReference; lastKnownFileType = sourcecode.swift; path = BracketBeeTests.swift; sourceTree = "<group>"; };
		533089121E4E7CA6002B3AD3 /* Info.plist */ = {isa = PBXFileReference; lastKnownFileType = text.plist.xml; path = Info.plist; sourceTree = "<group>"; };
		533089171E4E7CA6002B3AD3 /* BracketBeeUITests.xctest */ = {isa = PBXFileReference; explicitFileType = wrapper.cfbundle; includeInIndex = 0; path = BracketBeeUITests.xctest; sourceTree = BUILT_PRODUCTS_DIR; };
		5330891B1E4E7CA6002B3AD3 /* BracketBeeUITests.swift */ = {isa = PBXFileReference; lastKnownFileType = sourcecode.swift; path = BracketBeeUITests.swift; sourceTree = "<group>"; };
		5330891D1E4E7CA6002B3AD3 /* Info.plist */ = {isa = PBXFileReference; lastKnownFileType = text.plist.xml; path = Info.plist; sourceTree = "<group>"; };
		533089291E4FAB9B002B3AD3 /* Bracket.swift */ = {isa = PBXFileReference; fileEncoding = 4; lastKnownFileType = sourcecode.swift; path = Bracket.swift; sourceTree = "<group>"; };
		5330892B1E4FABA2002B3AD3 /* Matchup.swift */ = {isa = PBXFileReference; fileEncoding = 4; lastKnownFileType = sourcecode.swift; path = Matchup.swift; sourceTree = "<group>"; };
		5330892E1E4FB430002B3AD3 /* BracketController.swift */ = {isa = PBXFileReference; fileEncoding = 4; lastKnownFileType = sourcecode.swift; path = BracketController.swift; sourceTree = "<group>"; };
		538FA0271E6DE249000B778B /* CreateBracketViewController.swift */ = {isa = PBXFileReference; fileEncoding = 4; lastKnownFileType = sourcecode.swift; path = CreateBracketViewController.swift; sourceTree = "<group>"; };
		538FA02B1E6E34B6000B778B /* ParticipantTableViewCell.swift */ = {isa = PBXFileReference; fileEncoding = 4; lastKnownFileType = sourcecode.swift; path = ParticipantTableViewCell.swift; sourceTree = "<group>"; };
		53BDDD7E1E6DD19500ADDE3F /* Keys.swift */ = {isa = PBXFileReference; fileEncoding = 4; lastKnownFileType = sourcecode.swift; path = Keys.swift; sourceTree = "<group>"; };
		53BDDD801E6DD3D500ADDE3F /* BracketListTableViewController.swift */ = {isa = PBXFileReference; fileEncoding = 4; lastKnownFileType = sourcecode.swift; path = BracketListTableViewController.swift; sourceTree = "<group>"; };
/* End PBXFileReference section */

/* Begin PBXFrameworksBuildPhase section */
		533088F21E4E7CA6002B3AD3 /* Frameworks */ = {
			isa = PBXFrameworksBuildPhase;
			buildActionMask = 2147483647;
			files = (
			);
			runOnlyForDeploymentPostprocessing = 0;
		};
		533089091E4E7CA6002B3AD3 /* Frameworks */ = {
			isa = PBXFrameworksBuildPhase;
			buildActionMask = 2147483647;
			files = (
			);
			runOnlyForDeploymentPostprocessing = 0;
		};
		533089141E4E7CA6002B3AD3 /* Frameworks */ = {
			isa = PBXFrameworksBuildPhase;
			buildActionMask = 2147483647;
			files = (
			);
			runOnlyForDeploymentPostprocessing = 0;
		};
/* End PBXFrameworksBuildPhase section */

/* Begin PBXGroup section */
		533088EC1E4E7CA6002B3AD3 = {
			isa = PBXGroup;
			children = (
				533088F71E4E7CA6002B3AD3 /* BracketBee */,
				5330890F1E4E7CA6002B3AD3 /* BracketBeeTests */,
				5330891A1E4E7CA6002B3AD3 /* BracketBeeUITests */,
				533088F61E4E7CA6002B3AD3 /* Products */,
			);
			sourceTree = "<group>";
		};
		533088F61E4E7CA6002B3AD3 /* Products */ = {
			isa = PBXGroup;
			children = (
				533088F51E4E7CA6002B3AD3 /* BracketBee.app */,
				5330890C1E4E7CA6002B3AD3 /* BracketBeeTests.xctest */,
				533089171E4E7CA6002B3AD3 /* BracketBeeUITests.xctest */,
			);
			name = Products;
			sourceTree = "<group>";
		};
		533088F71E4E7CA6002B3AD3 /* BracketBee */ = {
			isa = PBXGroup;
			children = (
				533088F81E4E7CA6002B3AD3 /* AppDelegate.swift */,
				5330892E1E4FB430002B3AD3 /* BracketController.swift */,
				5330892D1E4FB416002B3AD3 /* Models */,
				53BDDD821E6DD3E200ADDE3F /* View Controller */,
				53BDDD7D1E6DD18400ADDE3F /* Storyboards */,
				533089021E4E7CA6002B3AD3 /* Assets.xcassets */,
				53BDDD7E1E6DD19500ADDE3F /* Keys.swift */,
				533089041E4E7CA6002B3AD3 /* LaunchScreen.storyboard */,
				533089071E4E7CA6002B3AD3 /* Info.plist */,
			);
			path = BracketBee;
			sourceTree = "<group>";
		};
		5330890F1E4E7CA6002B3AD3 /* BracketBeeTests */ = {
			isa = PBXGroup;
			children = (
				533089101E4E7CA6002B3AD3 /* BracketBeeTests.swift */,
				533089121E4E7CA6002B3AD3 /* Info.plist */,
			);
			path = BracketBeeTests;
			sourceTree = "<group>";
		};
		5330891A1E4E7CA6002B3AD3 /* BracketBeeUITests */ = {
			isa = PBXGroup;
			children = (
				5330891B1E4E7CA6002B3AD3 /* BracketBeeUITests.swift */,
				5330891D1E4E7CA6002B3AD3 /* Info.plist */,
			);
			path = BracketBeeUITests;
			sourceTree = "<group>";
		};
		5330892D1E4FB416002B3AD3 /* Models */ = {
			isa = PBXGroup;
			children = (
				5330892B1E4FABA2002B3AD3 /* Matchup.swift */,
				533089291E4FAB9B002B3AD3 /* Bracket.swift */,
			);
			name = Models;
			sourceTree = "<group>";
		};
		538FA02D1E6E34BC000B778B /* Views */ = {
			isa = PBXGroup;
			children = (
				538FA02B1E6E34B6000B778B /* ParticipantTableViewCell.swift */,
				531FCC0A1E73166F000AA223 /* ParticipantCollectionViewCell.swift */,
				532CC2A11E75F759002CD4E1 /* RoundLabelCollectionViewCell.swift */,
				532CC2C31E79FD96002CD4E1 /* NoTeamCollectionViewCell.swift */,
				532CC2C51E79FDA3002CD4E1 /* TBDCollectionViewCell.swift */,
				531FCC0E1E732476000AA223 /* BracketCollectionViewLayout.swift */,
			);
			name = Views;
			sourceTree = "<group>";
		};
		53BDDD7D1E6DD18400ADDE3F /* Storyboards */ = {
			isa = PBXGroup;
			children = (
				533088FC1E4E7CA6002B3AD3 /* Main.storyboard */,
			);
			name = Storyboards;
			sourceTree = "<group>";
		};
		53BDDD821E6DD3E200ADDE3F /* View Controller */ = {
			isa = PBXGroup;
			children = (
				53BDDD801E6DD3D500ADDE3F /* BracketListTableViewController.swift */,
				538FA0271E6DE249000B778B /* CreateBracketViewController.swift */,
				531FCC0C1E731D29000AA223 /* BracketCollectionViewController.swift */,
				538FA02D1E6E34BC000B778B /* Views */,
			);
			name = "View Controller";
			sourceTree = "<group>";
		};
/* End PBXGroup section */

/* Begin PBXNativeTarget section */
		533088F41E4E7CA6002B3AD3 /* BracketBee */ = {
			isa = PBXNativeTarget;
			buildConfigurationList = 533089201E4E7CA6002B3AD3 /* Build configuration list for PBXNativeTarget "BracketBee" */;
			buildPhases = (
				533088F11E4E7CA6002B3AD3 /* Sources */,
				533088F21E4E7CA6002B3AD3 /* Frameworks */,
				533088F31E4E7CA6002B3AD3 /* Resources */,
			);
			buildRules = (
			);
			dependencies = (
			);
			name = BracketBee;
			productName = BracketBee;
			productReference = 533088F51E4E7CA6002B3AD3 /* BracketBee.app */;
			productType = "com.apple.product-type.application";
		};
		5330890B1E4E7CA6002B3AD3 /* BracketBeeTests */ = {
			isa = PBXNativeTarget;
			buildConfigurationList = 533089231E4E7CA6002B3AD3 /* Build configuration list for PBXNativeTarget "BracketBeeTests" */;
			buildPhases = (
				533089081E4E7CA6002B3AD3 /* Sources */,
				533089091E4E7CA6002B3AD3 /* Frameworks */,
				5330890A1E4E7CA6002B3AD3 /* Resources */,
			);
			buildRules = (
			);
			dependencies = (
				5330890E1E4E7CA6002B3AD3 /* PBXTargetDependency */,
			);
			name = BracketBeeTests;
			productName = BracketBeeTests;
			productReference = 5330890C1E4E7CA6002B3AD3 /* BracketBeeTests.xctest */;
			productType = "com.apple.product-type.bundle.unit-test";
		};
		533089161E4E7CA6002B3AD3 /* BracketBeeUITests */ = {
			isa = PBXNativeTarget;
			buildConfigurationList = 533089261E4E7CA6002B3AD3 /* Build configuration list for PBXNativeTarget "BracketBeeUITests" */;
			buildPhases = (
				533089131E4E7CA6002B3AD3 /* Sources */,
				533089141E4E7CA6002B3AD3 /* Frameworks */,
				533089151E4E7CA6002B3AD3 /* Resources */,
			);
			buildRules = (
			);
			dependencies = (
				533089191E4E7CA6002B3AD3 /* PBXTargetDependency */,
			);
			name = BracketBeeUITests;
			productName = BracketBeeUITests;
			productReference = 533089171E4E7CA6002B3AD3 /* BracketBeeUITests.xctest */;
			productType = "com.apple.product-type.bundle.ui-testing";
		};
/* End PBXNativeTarget section */

/* Begin PBXProject section */
		533088ED1E4E7CA6002B3AD3 /* Project object */ = {
			isa = PBXProject;
			attributes = {
				LastSwiftUpdateCheck = 0820;
				LastUpgradeCheck = 0820;
				ORGANIZATIONNAME = "Keaton Harward";
				TargetAttributes = {
					533088F41E4E7CA6002B3AD3 = {
						CreatedOnToolsVersion = 8.2.1;
						DevelopmentTeam = 7PDCTCAB87;
						ProvisioningStyle = Automatic;
					};
					5330890B1E4E7CA6002B3AD3 = {
						CreatedOnToolsVersion = 8.2.1;
						DevelopmentTeam = 7PDCTCAB87;
						ProvisioningStyle = Automatic;
						TestTargetID = 533088F41E4E7CA6002B3AD3;
					};
					533089161E4E7CA6002B3AD3 = {
						CreatedOnToolsVersion = 8.2.1;
						DevelopmentTeam = 7PDCTCAB87;
						ProvisioningStyle = Automatic;
						TestTargetID = 533088F41E4E7CA6002B3AD3;
					};
				};
			};
			buildConfigurationList = 533088F01E4E7CA6002B3AD3 /* Build configuration list for PBXProject "BracketBee" */;
			compatibilityVersion = "Xcode 3.2";
			developmentRegion = English;
			hasScannedForEncodings = 0;
			knownRegions = (
				en,
				Base,
			);
			mainGroup = 533088EC1E4E7CA6002B3AD3;
			productRefGroup = 533088F61E4E7CA6002B3AD3 /* Products */;
			projectDirPath = "";
			projectRoot = "";
			targets = (
				533088F41E4E7CA6002B3AD3 /* BracketBee */,
				5330890B1E4E7CA6002B3AD3 /* BracketBeeTests */,
				533089161E4E7CA6002B3AD3 /* BracketBeeUITests */,
			);
		};
/* End PBXProject section */

/* Begin PBXResourcesBuildPhase section */
		533088F31E4E7CA6002B3AD3 /* Resources */ = {
			isa = PBXResourcesBuildPhase;
			buildActionMask = 2147483647;
			files = (
				533089061E4E7CA6002B3AD3 /* LaunchScreen.storyboard in Resources */,
				533089031E4E7CA6002B3AD3 /* Assets.xcassets in Resources */,
				533088FE1E4E7CA6002B3AD3 /* Main.storyboard in Resources */,
			);
			runOnlyForDeploymentPostprocessing = 0;
		};
		5330890A1E4E7CA6002B3AD3 /* Resources */ = {
			isa = PBXResourcesBuildPhase;
			buildActionMask = 2147483647;
			files = (
			);
			runOnlyForDeploymentPostprocessing = 0;
		};
		533089151E4E7CA6002B3AD3 /* Resources */ = {
			isa = PBXResourcesBuildPhase;
			buildActionMask = 2147483647;
			files = (
			);
			runOnlyForDeploymentPostprocessing = 0;
		};
/* End PBXResourcesBuildPhase section */

/* Begin PBXSourcesBuildPhase section */
		533088F11E4E7CA6002B3AD3 /* Sources */ = {
			isa = PBXSourcesBuildPhase;
			buildActionMask = 2147483647;
			files = (
				5330892A1E4FAB9B002B3AD3 /* Bracket.swift in Sources */,
				533088F91E4E7CA6002B3AD3 /* AppDelegate.swift in Sources */,
				53BDDD7F1E6DD19500ADDE3F /* Keys.swift in Sources */,
				531FCC0F1E732476000AA223 /* BracketCollectionViewLayout.swift in Sources */,
				538FA0281E6DE249000B778B /* CreateBracketViewController.swift in Sources */,
				532CC2C61E79FDA3002CD4E1 /* TBDCollectionViewCell.swift in Sources */,
				531FCC0B1E73166F000AA223 /* ParticipantCollectionViewCell.swift in Sources */,
				531FCC0D1E731D29000AA223 /* BracketCollectionViewController.swift in Sources */,
				538FA02C1E6E34B6000B778B /* ParticipantTableViewCell.swift in Sources */,
				532CC2A21E75F759002CD4E1 /* RoundLabelCollectionViewCell.swift in Sources */,
				5330892F1E4FB430002B3AD3 /* BracketController.swift in Sources */,
				532CC2C41E79FD96002CD4E1 /* NoTeamCollectionViewCell.swift in Sources */,
				53BDDD811E6DD3D500ADDE3F /* BracketListTableViewController.swift in Sources */,
				5330892C1E4FABA2002B3AD3 /* Matchup.swift in Sources */,
			);
			runOnlyForDeploymentPostprocessing = 0;
		};
		533089081E4E7CA6002B3AD3 /* Sources */ = {
			isa = PBXSourcesBuildPhase;
			buildActionMask = 2147483647;
			files = (
				533089111E4E7CA6002B3AD3 /* BracketBeeTests.swift in Sources */,
			);
			runOnlyForDeploymentPostprocessing = 0;
		};
		533089131E4E7CA6002B3AD3 /* Sources */ = {
			isa = PBXSourcesBuildPhase;
			buildActionMask = 2147483647;
			files = (
				5330891C1E4E7CA6002B3AD3 /* BracketBeeUITests.swift in Sources */,
			);
			runOnlyForDeploymentPostprocessing = 0;
		};
/* End PBXSourcesBuildPhase section */

/* Begin PBXTargetDependency section */
		5330890E1E4E7CA6002B3AD3 /* PBXTargetDependency */ = {
			isa = PBXTargetDependency;
			target = 533088F41E4E7CA6002B3AD3 /* BracketBee */;
			targetProxy = 5330890D1E4E7CA6002B3AD3 /* PBXContainerItemProxy */;
		};
		533089191E4E7CA6002B3AD3 /* PBXTargetDependency */ = {
			isa = PBXTargetDependency;
			target = 533088F41E4E7CA6002B3AD3 /* BracketBee */;
			targetProxy = 533089181E4E7CA6002B3AD3 /* PBXContainerItemProxy */;
		};
/* End PBXTargetDependency section */

/* Begin PBXVariantGroup section */
		533088FC1E4E7CA6002B3AD3 /* Main.storyboard */ = {
			isa = PBXVariantGroup;
			children = (
				533088FD1E4E7CA6002B3AD3 /* Base */,
			);
			name = Main.storyboard;
			sourceTree = "<group>";
		};
		533089041E4E7CA6002B3AD3 /* LaunchScreen.storyboard */ = {
			isa = PBXVariantGroup;
			children = (
				533089051E4E7CA6002B3AD3 /* Base */,
			);
			name = LaunchScreen.storyboard;
			sourceTree = "<group>";
		};
/* End PBXVariantGroup section */

/* Begin XCBuildConfiguration section */
		5330891E1E4E7CA6002B3AD3 /* Debug */ = {
			isa = XCBuildConfiguration;
			buildSettings = {
				ALWAYS_SEARCH_USER_PATHS = NO;
				CLANG_ANALYZER_NONNULL = YES;
				CLANG_CXX_LANGUAGE_STANDARD = "gnu++0x";
				CLANG_CXX_LIBRARY = "libc++";
				CLANG_ENABLE_MODULES = YES;
				CLANG_ENABLE_OBJC_ARC = YES;
				CLANG_WARN_BOOL_CONVERSION = YES;
				CLANG_WARN_CONSTANT_CONVERSION = YES;
				CLANG_WARN_DIRECT_OBJC_ISA_USAGE = YES_ERROR;
				CLANG_WARN_DOCUMENTATION_COMMENTS = YES;
				CLANG_WARN_EMPTY_BODY = YES;
				CLANG_WARN_ENUM_CONVERSION = YES;
				CLANG_WARN_INFINITE_RECURSION = YES;
				CLANG_WARN_INT_CONVERSION = YES;
				CLANG_WARN_OBJC_ROOT_CLASS = YES_ERROR;
				CLANG_WARN_SUSPICIOUS_MOVE = YES;
				CLANG_WARN_UNREACHABLE_CODE = YES;
				CLANG_WARN__DUPLICATE_METHOD_MATCH = YES;
				"CODE_SIGN_IDENTITY[sdk=iphoneos*]" = "iPhone Developer";
				COPY_PHASE_STRIP = NO;
				DEBUG_INFORMATION_FORMAT = dwarf;
				ENABLE_STRICT_OBJC_MSGSEND = YES;
				ENABLE_TESTABILITY = YES;
				GCC_C_LANGUAGE_STANDARD = gnu99;
				GCC_DYNAMIC_NO_PIC = NO;
				GCC_NO_COMMON_BLOCKS = YES;
				GCC_OPTIMIZATION_LEVEL = 0;
				GCC_PREPROCESSOR_DEFINITIONS = (
					"DEBUG=1",
					"$(inherited)",
				);
				GCC_WARN_64_TO_32_BIT_CONVERSION = YES;
				GCC_WARN_ABOUT_RETURN_TYPE = YES_ERROR;
				GCC_WARN_UNDECLARED_SELECTOR = YES;
				GCC_WARN_UNINITIALIZED_AUTOS = YES_AGGRESSIVE;
				GCC_WARN_UNUSED_FUNCTION = YES;
				GCC_WARN_UNUSED_VARIABLE = YES;
				IPHONEOS_DEPLOYMENT_TARGET = 10.2;
				MTL_ENABLE_DEBUG_INFO = YES;
				ONLY_ACTIVE_ARCH = YES;
				SDKROOT = iphoneos;
				SWIFT_ACTIVE_COMPILATION_CONDITIONS = DEBUG;
				SWIFT_OPTIMIZATION_LEVEL = "-Onone";
				TARGETED_DEVICE_FAMILY = "1,2";
			};
			name = Debug;
		};
		5330891F1E4E7CA6002B3AD3 /* Release */ = {
			isa = XCBuildConfiguration;
			buildSettings = {
				ALWAYS_SEARCH_USER_PATHS = NO;
				CLANG_ANALYZER_NONNULL = YES;
				CLANG_CXX_LANGUAGE_STANDARD = "gnu++0x";
				CLANG_CXX_LIBRARY = "libc++";
				CLANG_ENABLE_MODULES = YES;
				CLANG_ENABLE_OBJC_ARC = YES;
				CLANG_WARN_BOOL_CONVERSION = YES;
				CLANG_WARN_CONSTANT_CONVERSION = YES;
				CLANG_WARN_DIRECT_OBJC_ISA_USAGE = YES_ERROR;
				CLANG_WARN_DOCUMENTATION_COMMENTS = YES;
				CLANG_WARN_EMPTY_BODY = YES;
				CLANG_WARN_ENUM_CONVERSION = YES;
				CLANG_WARN_INFINITE_RECURSION = YES;
				CLANG_WARN_INT_CONVERSION = YES;
				CLANG_WARN_OBJC_ROOT_CLASS = YES_ERROR;
				CLANG_WARN_SUSPICIOUS_MOVE = YES;
				CLANG_WARN_UNREACHABLE_CODE = YES;
				CLANG_WARN__DUPLICATE_METHOD_MATCH = YES;
				"CODE_SIGN_IDENTITY[sdk=iphoneos*]" = "iPhone Developer";
				COPY_PHASE_STRIP = NO;
				DEBUG_INFORMATION_FORMAT = "dwarf-with-dsym";
				ENABLE_NS_ASSERTIONS = NO;
				ENABLE_STRICT_OBJC_MSGSEND = YES;
				GCC_C_LANGUAGE_STANDARD = gnu99;
				GCC_NO_COMMON_BLOCKS = YES;
				GCC_WARN_64_TO_32_BIT_CONVERSION = YES;
				GCC_WARN_ABOUT_RETURN_TYPE = YES_ERROR;
				GCC_WARN_UNDECLARED_SELECTOR = YES;
				GCC_WARN_UNINITIALIZED_AUTOS = YES_AGGRESSIVE;
				GCC_WARN_UNUSED_FUNCTION = YES;
				GCC_WARN_UNUSED_VARIABLE = YES;
				IPHONEOS_DEPLOYMENT_TARGET = 10.2;
				MTL_ENABLE_DEBUG_INFO = NO;
				SDKROOT = iphoneos;
				SWIFT_OPTIMIZATION_LEVEL = "-Owholemodule";
				TARGETED_DEVICE_FAMILY = "1,2";
				VALIDATE_PRODUCT = YES;
			};
			name = Release;
		};
		533089211E4E7CA6002B3AD3 /* Debug */ = {
			isa = XCBuildConfiguration;
			buildSettings = {
				ASSETCATALOG_COMPILER_APPICON_NAME = AppIcon;
				DEVELOPMENT_TEAM = 7PDCTCAB87;
				INFOPLIST_FILE = BracketBee/Info.plist;
				LD_RUNPATH_SEARCH_PATHS = "$(inherited) @executable_path/Frameworks";
				PRODUCT_BUNDLE_IDENTIFIER = com.keaton.BracketBee;
				PRODUCT_NAME = "$(TARGET_NAME)";
				SWIFT_VERSION = 3.0;
			};
			name = Debug;
		};
		533089221E4E7CA6002B3AD3 /* Release */ = {
			isa = XCBuildConfiguration;
			buildSettings = {
				ASSETCATALOG_COMPILER_APPICON_NAME = AppIcon;
				DEVELOPMENT_TEAM = 7PDCTCAB87;
				INFOPLIST_FILE = BracketBee/Info.plist;
				LD_RUNPATH_SEARCH_PATHS = "$(inherited) @executable_path/Frameworks";
				PRODUCT_BUNDLE_IDENTIFIER = com.keaton.BracketBee;
				PRODUCT_NAME = "$(TARGET_NAME)";
				SWIFT_VERSION = 3.0;
			};
			name = Release;
		};
		533089241E4E7CA6002B3AD3 /* Debug */ = {
			isa = XCBuildConfiguration;
			buildSettings = {
				ALWAYS_EMBED_SWIFT_STANDARD_LIBRARIES = YES;
				BUNDLE_LOADER = "$(TEST_HOST)";
				DEVELOPMENT_TEAM = 7PDCTCAB87;
				INFOPLIST_FILE = BracketBeeTests/Info.plist;
				LD_RUNPATH_SEARCH_PATHS = "$(inherited) @executable_path/Frameworks @loader_path/Frameworks";
				PRODUCT_BUNDLE_IDENTIFIER = com.keaton.BracketBeeTests;
				PRODUCT_NAME = "$(TARGET_NAME)";
				SWIFT_VERSION = 3.0;
				TEST_HOST = "$(BUILT_PRODUCTS_DIR)/BracketBee.app/BracketBee";
			};
			name = Debug;
		};
		533089251E4E7CA6002B3AD3 /* Release */ = {
			isa = XCBuildConfiguration;
			buildSettings = {
				ALWAYS_EMBED_SWIFT_STANDARD_LIBRARIES = YES;
				BUNDLE_LOADER = "$(TEST_HOST)";
				DEVELOPMENT_TEAM = 7PDCTCAB87;
				INFOPLIST_FILE = BracketBeeTests/Info.plist;
				LD_RUNPATH_SEARCH_PATHS = "$(inherited) @executable_path/Frameworks @loader_path/Frameworks";
				PRODUCT_BUNDLE_IDENTIFIER = com.keaton.BracketBeeTests;
				PRODUCT_NAME = "$(TARGET_NAME)";
				SWIFT_VERSION = 3.0;
				TEST_HOST = "$(BUILT_PRODUCTS_DIR)/BracketBee.app/BracketBee";
			};
			name = Release;
		};
		533089271E4E7CA6002B3AD3 /* Debug */ = {
			isa = XCBuildConfiguration;
			buildSettings = {
				ALWAYS_EMBED_SWIFT_STANDARD_LIBRARIES = YES;
				DEVELOPMENT_TEAM = 7PDCTCAB87;
				INFOPLIST_FILE = BracketBeeUITests/Info.plist;
				LD_RUNPATH_SEARCH_PATHS = "$(inherited) @executable_path/Frameworks @loader_path/Frameworks";
				PRODUCT_BUNDLE_IDENTIFIER = com.keaton.BracketBeeUITests;
				PRODUCT_NAME = "$(TARGET_NAME)";
				SWIFT_VERSION = 3.0;
				TEST_TARGET_NAME = BracketBee;
			};
			name = Debug;
		};
		533089281E4E7CA6002B3AD3 /* Release */ = {
			isa = XCBuildConfiguration;
			buildSettings = {
				ALWAYS_EMBED_SWIFT_STANDARD_LIBRARIES = YES;
				DEVELOPMENT_TEAM = 7PDCTCAB87;
				INFOPLIST_FILE = BracketBeeUITests/Info.plist;
				LD_RUNPATH_SEARCH_PATHS = "$(inherited) @executable_path/Frameworks @loader_path/Frameworks";
				PRODUCT_BUNDLE_IDENTIFIER = com.keaton.BracketBeeUITests;
				PRODUCT_NAME = "$(TARGET_NAME)";
				SWIFT_VERSION = 3.0;
				TEST_TARGET_NAME = BracketBee;
			};
			name = Release;
		};
/* End XCBuildConfiguration section */

/* Begin XCConfigurationList section */
		533088F01E4E7CA6002B3AD3 /* Build configuration list for PBXProject "BracketBee" */ = {
			isa = XCConfigurationList;
			buildConfigurations = (
				5330891E1E4E7CA6002B3AD3 /* Debug */,
				5330891F1E4E7CA6002B3AD3 /* Release */,
			);
			defaultConfigurationIsVisible = 0;
			defaultConfigurationName = Release;
		};
		533089201E4E7CA6002B3AD3 /* Build configuration list for PBXNativeTarget "BracketBee" */ = {
			isa = XCConfigurationList;
			buildConfigurations = (
				533089211E4E7CA6002B3AD3 /* Debug */,
				533089221E4E7CA6002B3AD3 /* Release */,
			);
			defaultConfigurationIsVisible = 0;
			defaultConfigurationName = Release;
		};
		533089231E4E7CA6002B3AD3 /* Build configuration list for PBXNativeTarget "BracketBeeTests" */ = {
			isa = XCConfigurationList;
			buildConfigurations = (
				533089241E4E7CA6002B3AD3 /* Debug */,
				533089251E4E7CA6002B3AD3 /* Release */,
			);
			defaultConfigurationIsVisible = 0;
			defaultConfigurationName = Release;
		};
		533089261E4E7CA6002B3AD3 /* Build configuration list for PBXNativeTarget "BracketBeeUITests" */ = {
			isa = XCConfigurationList;
			buildConfigurations = (
				533089271E4E7CA6002B3AD3 /* Debug */,
				533089281E4E7CA6002B3AD3 /* Release */,
			);
			defaultConfigurationIsVisible = 0;
			defaultConfigurationName = Release;
		};
/* End XCConfigurationList section */
	};
	rootObject = 533088ED1E4E7CA6002B3AD3 /* Project object */;
}
